
Microsoft Visual Studio Solution File, Format Version 11.00
# Visual Studio 2010
Project("{8BC9CEB8-8B4A-11D0-8D11-00A0C91BC942}") = "替换空格", "替换空格\替换空格.vcxproj", "{C49346BE-71DF-40AE-A70C-1AEA2A30257A}"
EndProject
Global
	GlobalSection(SolutionConfigurationPlatforms) = preSolution
		Debug|Win32 = Debug|Win32
		Release|Win32 = Release|Win32
	EndGlobalSection
	GlobalSection(ProjectConfigurationPlatforms) = postSolution
		{C49346BE-71DF-40AE-A70C-1AEA2A30257A}.Debug|Win32.ActiveCfg = Debug|Win32
		{C49346BE-71DF-40AE-A70C-1AEA2A30257A}.Debug|Win32.Build.0 = Debug|Win32
		{C49346BE-71DF-40AE-A70C-1AEA2A30257A}.Release|Win32.ActiveCfg = Release|Win32
		{C49346BE-71DF-40AE-A70C-1AEA2A30257A}.Release|Win32.Build.0 = Release|Win32
	EndGlobalSection
	GlobalSection(SolutionProperties) = preSolution
		HideSolutionNode = FALSE
	EndGlobalSection
EndGlobal
